
Microsoft Visual Studio Solution File, Format Version 11.00
# Visual Studio 2010
Project("{8BC9CEB8-8B4A-11D0-8D11-00A0C91BC942}") = "bot", "bot\bot.vcxproj", "{985CA7E8-25FE-4D1F-9DB8-A501B0404B64}"
EndProject
Global
	GlobalSection(SolutionConfigurationPlatforms) = preSolution
		Debug|Win32 = Debug|Win32
		Release|Win32 = Release|Win32
	EndGlobalSection
	GlobalSection(ProjectConfigurationPlatforms) = postSolution
		{985CA7E8-25FE-4D1F-9DB8-A501B0404B64}.Debug|Win32.ActiveCfg = Debug|Win32
		{985CA7E8-25FE-4D1F-9DB8-A501B0404B64}.Debug|Win32.Build.0 = Debug|Win32
		{985CA7E8-25FE-4D1F-9DB8-A501B0404B64}.Release|Win32.ActiveCfg = Release|Win32
		{985CA7E8-25FE-4D1F-9DB8-A501B0404B64}.Release|Win32.Build.0 = Release|Win32
	EndGlobalSection
	GlobalSection(SolutionProperties) = preSolution
		HideSolutionNode = FALSE
	EndGlobalSection
EndGlobal
